
Microsoft Visual Studio Solution File, Format Version 12.00
# Visual Studio Version 16
VisualStudioVersion = 16.0.30503.244
MinimumVisualStudioVersion = 10.0.40219.1
Project("{FAE04EC0-301F-11D3-BF4B-00C04F79EFBC}") = "HomeWork2", "HomeWork2\HomeWork2.csproj", "{FF88F36A-4B29-48BA-BC75-C19D9DED0078}"
EndProject
Global
	GlobalSection(SolutionConfigurationPlatforms) = preSolution
		Debug|Any CPU = Debug|Any CPU
		Release|Any CPU = Release|Any CPU
	EndGlobalSection
	GlobalSection(ProjectConfigurationPlatforms) = postSolution
		{FF88F36A-4B29-48BA-BC75-C19D9DED0078}.Debug|Any CPU.ActiveCfg = Debug|Any CPU
		{FF88F36A-4B29-48BA-BC75-C19D9DED0078}.Debug|Any CPU.Build.0 = Debug|Any CPU
		{FF88F36A-4B29-48BA-BC75-C19D9DED0078}.Release|Any CPU.ActiveCfg = Release|Any CPU
		{FF88F36A-4B29-48BA-BC75-C19D9DED0078}.Release|Any CPU.Build.0 = Release|Any CPU
	EndGlobalSection
	GlobalSection(SolutionProperties) = preSolution
		HideSolutionNode = FALSE
	EndGlobalSection
	GlobalSection(ExtensibilityGlobals) = postSolution
		SolutionGuid = {091CF1C6-7D11-4806-878D-A6DF045A4415}
	EndGlobalSection
EndGlobal
